
Microsoft Visual Studio Solution File, Format Version 12.00
# Visual Studio Version 17
VisualStudioVersion = 17.14.36203.30 d17.14
MinimumVisualStudioVersion = 10.0.40219.1
Project("{888888A0-9F3D-457C-B088-3A5042F75D52}") = "Export-Pokedata-To-CSV", "Export-Pokedata-To-CSV.pyproj", "{817F352E-8A40-47D6-A392-D9D40B96AAF0}"
EndProject
Global
	GlobalSection(SolutionConfigurationPlatforms) = preSolution
		Debug|Any CPU = Debug|Any CPU
		Release|Any CPU = Release|Any CPU
	EndGlobalSection
	GlobalSection(ProjectConfigurationPlatforms) = postSolution
		{817F352E-8A40-47D6-A392-D9D40B96AAF0}.Debug|Any CPU.ActiveCfg = Debug|Any CPU
		{817F352E-8A40-47D6-A392-D9D40B96AAF0}.Release|Any CPU.ActiveCfg = Release|Any CPU
	EndGlobalSection
	GlobalSection(SolutionProperties) = preSolution
		HideSolutionNode = FALSE
	EndGlobalSection
	GlobalSection(ExtensibilityGlobals) = postSolution
		SolutionGuid = {AFD8125B-0EF0-40F9-94D5-664B5BF07184}
	EndGlobalSection
EndGlobal
